{"format_version":"1.1","terraform_version":"1.2.2","planned_values":{"root_module":{"resources":[{"address":"google_cloud_run_service.run_service","mode":"managed","type":"google_cloud_run_service","name":"run_service","provider_name":"registry.terraform.io/hashicorp/google","schema_version":1,"values":{"autogenerate_revision_name":false,"location":"us-east1","name":"app","template":[{"spec":[{"containers":[{"args":null,"command":null,"env":[],"env_from":[],"image":"gcr.io/google-samples/hello-app:1.0","volume_mounts":[],"working_dir":null}],"volumes":[]}]}],"timeouts":null,"traffic":[{"latest_revision":true,"percent":100,"revision_name":null,"tag":null}]},"sensitive_values":{"metadata":[],"status":[],"template":[{"metadata":[],"spec":[{"containers":[{"env":[],"env_from":[],"ports":[],"resources":[],"volume_mounts":[]}],"volumes":[]}]}],"traffic":[{}]}},{"address":"google_project_service.run_api","mode":"managed","type":"google_project_service","name":"run_api","provider_name":"registry.terraform.io/hashicorp/google","schema_version":0,"values":{"disable_dependent_services":null,"disable_on_destroy":true,"service":"run.googleapis.com","timeouts":null},"sensitive_values":{}}]}},"resource_changes":[{"address":"google_cloud_run_service.run_service","mode":"managed","type":"google_cloud_run_service","name":"run_service","provider_name":"registry.terraform.io/hashicorp/google","change":{"actions":["create"],"before":null,"after":{"autogenerate_revision_name":false,"location":"us-east1","name":"app","template":[{"spec":[{"containers":[{"args":null,"command":null,"env":[],"env_from":[],"image":"gcr.io/google-samples/hello-app:1.0","volume_mounts":[],"working_dir":null}],"volumes":[]}]}],"timeouts":null,"traffic":[{"latest_revision":true,"percent":100,"revision_name":null,"tag":null}]},"after_unknown":{"id":true,"metadata":true,"project":true,"status":true,"template":[{"metadata":true,"spec":[{"container_concurrency":true,"containers":[{"env":[],"env_from":[],"ports":true,"resources":true,"volume_mounts":[]}],"service_account_name":true,"serving_state":true,"timeout_seconds":true,"volumes":[]}]}],"traffic":[{"url":true}]},"before_sensitive":false,"after_sensitive":{"metadata":[],"status":[],"template":[{"metadata":[],"spec":[{"containers":[{"env":[],"env_from":[],"ports":[],"resources":[],"volume_mounts":[]}],"volumes":[]}]}],"traffic":[{}]}}},{"address":"google_project_service.run_api","mode":"managed","type":"google_project_service","name":"run_api","provider_name":"registry.terraform.io/hashicorp/google","change":{"actions":["create"],"before":null,"after":{"disable_dependent_services":null,"disable_on_destroy":true,"service":"run.googleapis.com","timeouts":null},"after_unknown":{"id":true,"project":true},"before_sensitive":false,"after_sensitive":{}}}],"configuration":{"provider_config":{"google":{"name":"google","full_name":"registry.terraform.io/hashicorp/google","version_constraint":"\u003e= 4.24.0","expressions":{"project":{"constant_value":"erudite-bonbon-324020"},"region":{"constant_value":"us-east1"}}}},"root_module":{"resources":[{"address":"google_cloud_run_service.run_service","mode":"managed","type":"google_cloud_run_service","name":"run_service","provider_config_key":"google","expressions":{"location":{"constant_value":"us-east1"},"name":{"constant_value":"app"},"template":[{"spec":[{"containers":[{"image":{"constant_value":"gcr.io/google-samples/hello-app:1.0"}}]}]}],"traffic":[{"latest_revision":{"constant_value":true},"percent":{"constant_value":100}}]},"schema_version":1,"depends_on":["google_project_service.run_api"]},{"address":"google_project_service.run_api","mode":"managed","type":"google_project_service","name":"run_api","provider_config_key":"google","expressions":{"service":{"constant_value":"run.googleapis.com"}},"schema_version":0}]}}}
